
Microsoft Visual Studio Solution File, Format Version 12.00
# Visual Studio Version 16
VisualStudioVersion = 16.0.30717.126
MinimumVisualStudioVersion = 10.0.40219.1
Project("{FAE04EC0-301F-11D3-BF4B-00C04F79EFBC}") = "cZad_6_4", "cZad_6_4\cZad_6_4.csproj", "{1115A860-CA57-4049-88B0-9C20FC29A748}"
EndProject
Global
	GlobalSection(SolutionConfigurationPlatforms) = preSolution
		Debug|Any CPU = Debug|Any CPU
		Release|Any CPU = Release|Any CPU
	EndGlobalSection
	GlobalSection(ProjectConfigurationPlatforms) = postSolution
		{1115A860-CA57-4049-88B0-9C20FC29A748}.Debug|Any CPU.ActiveCfg = Debug|Any CPU
		{1115A860-CA57-4049-88B0-9C20FC29A748}.Debug|Any CPU.Build.0 = Debug|Any CPU
		{1115A860-CA57-4049-88B0-9C20FC29A748}.Release|Any CPU.ActiveCfg = Release|Any CPU
		{1115A860-CA57-4049-88B0-9C20FC29A748}.Release|Any CPU.Build.0 = Release|Any CPU
	EndGlobalSection
	GlobalSection(SolutionProperties) = preSolution
		HideSolutionNode = FALSE
	EndGlobalSection
	GlobalSection(ExtensibilityGlobals) = postSolution
		SolutionGuid = {C9AD8E83-A678-4D9D-9159-DF5B69AB6AB2}
	EndGlobalSection
EndGlobal
