
Microsoft Visual Studio Solution File, Format Version 12.00
# Visual Studio Version 16
VisualStudioVersion = 16.0.30717.126
MinimumVisualStudioVersion = 10.0.40219.1
Project("{FAE04EC0-301F-11D3-BF4B-00C04F79EFBC}") = "cZad_4_1", "cZad_4_1\cZad_4_1.csproj", "{17C5AE42-0856-4897-8992-C5D47F2816BF}"
EndProject
Global
	GlobalSection(SolutionConfigurationPlatforms) = preSolution
		Debug|Any CPU = Debug|Any CPU
		Release|Any CPU = Release|Any CPU
	EndGlobalSection
	GlobalSection(ProjectConfigurationPlatforms) = postSolution
		{17C5AE42-0856-4897-8992-C5D47F2816BF}.Debug|Any CPU.ActiveCfg = Debug|Any CPU
		{17C5AE42-0856-4897-8992-C5D47F2816BF}.Debug|Any CPU.Build.0 = Debug|Any CPU
		{17C5AE42-0856-4897-8992-C5D47F2816BF}.Release|Any CPU.ActiveCfg = Release|Any CPU
		{17C5AE42-0856-4897-8992-C5D47F2816BF}.Release|Any CPU.Build.0 = Release|Any CPU
	EndGlobalSection
	GlobalSection(SolutionProperties) = preSolution
		HideSolutionNode = FALSE
	EndGlobalSection
	GlobalSection(ExtensibilityGlobals) = postSolution
		SolutionGuid = {48FCB040-96FB-452A-85E7-837E45C6D6B4}
	EndGlobalSection
EndGlobal
